{
    "name": "redis_save",
    "version": "1.0.0",
    "lockfileVersion": 2,
    "requires": true,
    "packages": {
        "": {
            "name": "redis_save",
            "version": "1.0.0",
            "license": "ISC",
            "dependencies": {
                "redis": "^0.6.6"
            }
        },
        "node_modules/redis": {
            "version": "0.6.7",
            "resolved": "https://registry.npmjs.org/redis/-/redis-0.6.7.tgz",
            "integrity": "sha512-g5t7tTf9QXNryrfDefqu0K1gZ3LnFejtlylXBd/cBEVZ07F9tXP8nUGdrF1sU/h5l9qJJSbgdBgVdJselb36tA==",
            "engines": {
                "node": "*"
            }
        }
    },
    "dependencies": {
        "redis": {
            "version": "0.6.7",
            "resolved": "https://registry.npmjs.org/redis/-/redis-0.6.7.tgz",
            "integrity": "sha512-g5t7tTf9QXNryrfDefqu0K1gZ3LnFejtlylXBd/cBEVZ07F9tXP8nUGdrF1sU/h5l9qJJSbgdBgVdJselb36tA=="
        }
    }
}
