{
  "name": "mongoose",
  "lockfileVersion": 3,
  "requires": true,
  "packages": {
    "": {
      "dependencies": {
        "mongoose": "^1.0.0"
      }
    },
    "node_modules/colors": {
      "version": "0.5.0",
      "resolved": "https://registry.npmjs.org/colors/-/colors-0.5.0.tgz",
      "integrity": "sha512-DJtS4jZW42qETwIXy2DzMEdR5CUaqKMikEpbVwezGE3d4HQAtqymihNHe/Sei9oenjJRRhkx62EWseRZZPH3GQ==",
      "engines": {
        "node": "*"
      }
    },
    "node_modules/hooks": {
      "version": "0.1.9",
      "resolved": "https://registry.npmjs.org/hooks/-/hooks-0.1.9.tgz",
      "integrity": "sha512-vAK3PuwoPpj0pCG4Uu2lyOIBpRLpM12ohthJd6fR4FczRzVyAnTU3v7ah9/JIRDx18qhyTDnkx1plHnsLJCYvw==",
      "engines": {
        "node": ">=0.4.0"
      }
    },
    "node_modules/mongodb": {
      "version": "0.9.6-7",
      "resolved": "https://registry.npmjs.org/mongodb/-/mongodb-0.9.6-7.tgz",
      "integrity": "sha512-W1mMu+wAsfwyFVPSd++fiQdPBZyfMXNHeZcC13EaISLb9rzCgpKn7qdPp5fdBwS7lOtlJ2xuJckxCewNidJrSQ==",
      "hasInstallScript": true,
      "os": [
        "linux",
        "darwin",
        "freebsd"
      ],
      "engines": {
        "node": ">=0.4.0"
      }
    },
    "node_modules/mongoose": {
      "version": "1.8.4",
      "resolved": "https://registry.npmjs.org/mongoose/-/mongoose-1.8.4.tgz",
      "integrity": "sha512-j8RjXdqjU/thyl7/j4KXeWAdCWBh3WTXWxnk0l8oaaT2TZX2bjNzJu1EaIB+pWIP3QzuQSEW83RaQ7KD7CBJ/Q==",
      "dependencies": {
        "colors": "0.5.0",
        "hooks": "0.1.9",
        "mongodb": "0.9.6-7"
      },
      "engines": {
        "node": ">= 0.2.0"
      }
    }
  }
}
